// !$*UTF8*$!
{
	archiveVersion = 1;
	classes = {
	};
	objectVersion = 46;
	objects = {

/* Begin PBXBuildFile section */
		9093FDA3B0E203D63CF3D3DD /* libPods.a in Frameworks */ = {isa = PBXBuildFile; fileRef = 0960CE98A7D510C11A587FEC /* libPods.a */; };
		FB0757EE1B043AA800BE741F /* Discovery.swift in Sources */ = {isa = PBXBuildFile; fileRef = FB0757ED1B043AA800BE741F /* Discovery.swift */; };
		FB099FC21AFA4DAE00AE22F2 /* AppDelegate.swift in Sources */ = {isa = PBXBuildFile; fileRef = FB099FC11AFA4DAE00AE22F2 /* AppDelegate.swift */; };
		FB099FC91AFA4DAE00AE22F2 /* Images.xcassets in Resources */ = {isa = PBXBuildFile; fileRef = FB099FC81AFA4DAE00AE22F2 /* Images.xcassets */; };
		FB099FCC1AFA4DAE00AE22F2 /* LaunchScreen.xib in Resources */ = {isa = PBXBuildFile; fileRef = FB099FCA1AFA4DAE00AE22F2 /* LaunchScreen.xib */; };
		FB099FE61AFA543000AE22F2 /* AuthCredentials.xib in Resources */ = {isa = PBXBuildFile; fileRef = FB099FE11AFA543000AE22F2 /* AuthCredentials.xib */; };
		FB099FE71AFA543000AE22F2 /* AuthCredentialsController.swift in Sources */ = {isa = PBXBuildFile; fileRef = FB099FE21AFA543000AE22F2 /* AuthCredentialsController.swift */; };
		FB099FE81AFA543000AE22F2 /* Domains.xib in Resources */ = {isa = PBXBuildFile; fileRef = FB099FE31AFA543000AE22F2 /* Domains.xib */; };
		FB099FE91AFA543000AE22F2 /* DomainsController.swift in Sources */ = {isa = PBXBuildFile; fileRef = FB099FE41AFA543000AE22F2 /* DomainsController.swift */; };
		FB099FF31AFA54FE00AE22F2 /* Errors.swift in Sources */ = {isa = PBXBuildFile; fileRef = FB099FEC1AFA54FE00AE22F2 /* Errors.swift */; };
		FB099FF41AFA54FE00AE22F2 /* Models.swift in Sources */ = {isa = PBXBuildFile; fileRef = FB099FED1AFA54FE00AE22F2 /* Models.swift */; };
		FB099FF51AFA54FE00AE22F2 /* RedirectService.swift in Sources */ = {isa = PBXBuildFile; fileRef = FB099FEE1AFA54FE00AE22F2 /* RedirectService.swift */; };
		FB099FF61AFA54FE00AE22F2 /* Results.swift in Sources */ = {isa = PBXBuildFile; fileRef = FB099FEF1AFA54FE00AE22F2 /* Results.swift */; };
		FB099FF71AFA54FE00AE22F2 /* Serializable.swift in Sources */ = {isa = PBXBuildFile; fileRef = FB099FF01AFA54FE00AE22F2 /* Serializable.swift */; };
		FB099FF81AFA54FE00AE22F2 /* UserService.swift in Sources */ = {isa = PBXBuildFile; fileRef = FB099FF11AFA54FE00AE22F2 /* UserService.swift */; };
		FB099FF91AFA54FE00AE22F2 /* WebService.swift in Sources */ = {isa = PBXBuildFile; fileRef = FB099FF21AFA54FE00AE22F2 /* WebService.swift */; };
		FB0BB5271B0FD6110063080A /* Keychain.swift in Sources */ = {isa = PBXBuildFile; fileRef = FB0BB5261B0FD6110063080A /* Keychain.swift */; };
		FB0BB5291B113FD40063080A /* Auth.xib in Resources */ = {isa = PBXBuildFile; fileRef = FB0BB5281B113FD40063080A /* Auth.xib */; };
		FB0BB52B1B113FF80063080A /* AuthController.swift in Sources */ = {isa = PBXBuildFile; fileRef = FB0BB52A1B113FF80063080A /* AuthController.swift */; };
		FB155C861B102A32005F0A05 /* Storage.swift in Sources */ = {isa = PBXBuildFile; fileRef = FB155C851B102A32005F0A05 /* Storage.swift */; };
		FB1BF0521B1AA7D1000F34D4 /* Uncaught.m in Sources */ = {isa = PBXBuildFile; fileRef = FB1BF0511B1AA7D1000F34D4 /* Uncaught.m */; };
		FB1BF0541B1AB510000F34D4 /* StaticHolder.swift in Sources */ = {isa = PBXBuildFile; fileRef = FB1BF0531B1AB510000F34D4 /* StaticHolder.swift */; };
		FB1BF0561B1AB6C6000F34D4 /* UncaughtExceptionHandler.swift in Sources */ = {isa = PBXBuildFile; fileRef = FB1BF0551B1AB6C6000F34D4 /* UncaughtExceptionHandler.swift */; };
		FB47D5301B05A6F300910F2D /* Ssh.swift in Sources */ = {isa = PBXBuildFile; fileRef = FB47D52F1B05A6F300910F2D /* Ssh.swift */; };
		FBDB63E61B0A13BF004D2964 /* Discovery.xib in Resources */ = {isa = PBXBuildFile; fileRef = FBDB63E51B0A13BF004D2964 /* Discovery.xib */; };
		FBDB63E81B0A13E8004D2964 /* DiscoveryController.swift in Sources */ = {isa = PBXBuildFile; fileRef = FBDB63E71B0A13E8004D2964 /* DiscoveryController.swift */; };
		FBE093CA1B0EC19800D0C1FE /* Helpers.swift in Sources */ = {isa = PBXBuildFile; fileRef = FBE093C91B0EC19800D0C1FE /* Helpers.swift */; };
		FBFA4C391B1404910000D42A /* MainController.swift in Sources */ = {isa = PBXBuildFile; fileRef = FBFA4C381B1404910000D42A /* MainController.swift */; };
		FBFA4C3B1B140F7D0000D42A /* SettingsController.swift in Sources */ = {isa = PBXBuildFile; fileRef = FBFA4C3A1B140F7D0000D42A /* SettingsController.swift */; };
		FBFA4C3D1B14106C0000D42A /* Settings.xib in Resources */ = {isa = PBXBuildFile; fileRef = FBFA4C3C1B14106C0000D42A /* Settings.xib */; };
/* End PBXBuildFile section */

/* Begin PBXFileReference section */
		0960CE98A7D510C11A587FEC /* libPods.a */ = {isa = PBXFileReference; explicitFileType = archive.ar; includeInIndex = 0; path = libPods.a; sourceTree = BUILT_PRODUCTS_DIR; };
		9B07E455A56425243B7FF1F9 /* Pods.release.xcconfig */ = {isa = PBXFileReference; includeInIndex = 1; lastKnownFileType = text.xcconfig; name = Pods.release.xcconfig; path = "Pods/Target Support Files/Pods/Pods.release.xcconfig"; sourceTree = "<group>"; };
		A57977CAEAA5FF5E7228132D /* Pods.debug.xcconfig */ = {isa = PBXFileReference; includeInIndex = 1; lastKnownFileType = text.xcconfig; name = Pods.debug.xcconfig; path = "Pods/Target Support Files/Pods/Pods.debug.xcconfig"; sourceTree = "<group>"; };
		FB0757ED1B043AA800BE741F /* Discovery.swift */ = {isa = PBXFileReference; fileEncoding = 4; lastKnownFileType = sourcecode.swift; path = Discovery.swift; sourceTree = "<group>"; };
		FB099FBC1AFA4DAE00AE22F2 /* Syncloud.app */ = {isa = PBXFileReference; explicitFileType = wrapper.application; includeInIndex = 0; path = Syncloud.app; sourceTree = BUILT_PRODUCTS_DIR; };
		FB099FC01AFA4DAE00AE22F2 /* Info.plist */ = {isa = PBXFileReference; lastKnownFileType = text.plist.xml; path = Info.plist; sourceTree = "<group>"; };
		FB099FC11AFA4DAE00AE22F2 /* AppDelegate.swift */ = {isa = PBXFileReference; lastKnownFileType = sourcecode.swift; path = AppDelegate.swift; sourceTree = "<group>"; };
		FB099FC81AFA4DAE00AE22F2 /* Images.xcassets */ = {isa = PBXFileReference; lastKnownFileType = folder.assetcatalog; path = Images.xcassets; sourceTree = "<group>"; };
		FB099FCB1AFA4DAE00AE22F2 /* Base */ = {isa = PBXFileReference; lastKnownFileType = file.xib; name = Base; path = Base.lproj/LaunchScreen.xib; sourceTree = "<group>"; };
		FB099FE11AFA543000AE22F2 /* AuthCredentials.xib */ = {isa = PBXFileReference; fileEncoding = 4; lastKnownFileType = file.xib; path = AuthCredentials.xib; sourceTree = "<group>"; };
		FB099FE21AFA543000AE22F2 /* AuthCredentialsController.swift */ = {isa = PBXFileReference; fileEncoding = 4; lastKnownFileType = sourcecode.swift; path = AuthCredentialsController.swift; sourceTree = "<group>"; };
		FB099FE31AFA543000AE22F2 /* Domains.xib */ = {isa = PBXFileReference; fileEncoding = 4; lastKnownFileType = file.xib; path = Domains.xib; sourceTree = "<group>"; };
		FB099FE41AFA543000AE22F2 /* DomainsController.swift */ = {isa = PBXFileReference; fileEncoding = 4; lastKnownFileType = sourcecode.swift; path = DomainsController.swift; sourceTree = "<group>"; };
		FB099FEC1AFA54FE00AE22F2 /* Errors.swift */ = {isa = PBXFileReference; fileEncoding = 4; lastKnownFileType = sourcecode.swift; name = Errors.swift; path = Platform/Errors.swift; sourceTree = "<group>"; };
		FB099FED1AFA54FE00AE22F2 /* Models.swift */ = {isa = PBXFileReference; fileEncoding = 4; lastKnownFileType = sourcecode.swift; name = Models.swift; path = Platform/Models.swift; sourceTree = "<group>"; };
		FB099FEE1AFA54FE00AE22F2 /* RedirectService.swift */ = {isa = PBXFileReference; fileEncoding = 4; lastKnownFileType = sourcecode.swift; name = RedirectService.swift; path = Platform/RedirectService.swift; sourceTree = "<group>"; };
		FB099FEF1AFA54FE00AE22F2 /* Results.swift */ = {isa = PBXFileReference; fileEncoding = 4; lastKnownFileType = sourcecode.swift; name = Results.swift; path = Platform/Results.swift; sourceTree = "<group>"; };
		FB099FF01AFA54FE00AE22F2 /* Serializable.swift */ = {isa = PBXFileReference; fileEncoding = 4; lastKnownFileType = sourcecode.swift; name = Serializable.swift; path = Platform/Serializable.swift; sourceTree = "<group>"; };
		FB099FF11AFA54FE00AE22F2 /* UserService.swift */ = {isa = PBXFileReference; fileEncoding = 4; lastKnownFileType = sourcecode.swift; name = UserService.swift; path = Platform/UserService.swift; sourceTree = "<group>"; };
		FB099FF21AFA54FE00AE22F2 /* WebService.swift */ = {isa = PBXFileReference; fileEncoding = 4; lastKnownFileType = sourcecode.swift; name = WebService.swift; path = Platform/WebService.swift; sourceTree = "<group>"; };
		FB0BB5261B0FD6110063080A /* Keychain.swift */ = {isa = PBXFileReference; fileEncoding = 4; lastKnownFileType = sourcecode.swift; path = Keychain.swift; sourceTree = "<group>"; };
		FB0BB5281B113FD40063080A /* Auth.xib */ = {isa = PBXFileReference; fileEncoding = 4; lastKnownFileType = file.xib; path = Auth.xib; sourceTree = "<group>"; };
		FB0BB52A1B113FF80063080A /* AuthController.swift */ = {isa = PBXFileReference; fileEncoding = 4; lastKnownFileType = sourcecode.swift; path = AuthController.swift; sourceTree = "<group>"; };
		FB155C851B102A32005F0A05 /* Storage.swift */ = {isa = PBXFileReference; fileEncoding = 4; lastKnownFileType = sourcecode.swift; path = Storage.swift; sourceTree = "<group>"; };
		FB1BF04F1B1AA436000F34D4 /* Uncaught.h */ = {isa = PBXFileReference; lastKnownFileType = sourcecode.c.h; path = Uncaught.h; sourceTree = "<group>"; };
		FB1BF0501B1AA7D0000F34D4 /* Syncloud-Bridging-Header.h */ = {isa = PBXFileReference; lastKnownFileType = sourcecode.c.h; path = "Syncloud-Bridging-Header.h"; sourceTree = "<group>"; };
		FB1BF0511B1AA7D1000F34D4 /* Uncaught.m */ = {isa = PBXFileReference; fileEncoding = 4; lastKnownFileType = sourcecode.c.objc; path = Uncaught.m; sourceTree = "<group>"; };
		FB1BF0531B1AB510000F34D4 /* StaticHolder.swift */ = {isa = PBXFileReference; fileEncoding = 4; lastKnownFileType = sourcecode.swift; path = StaticHolder.swift; sourceTree = "<group>"; };
		FB1BF0551B1AB6C6000F34D4 /* UncaughtExceptionHandler.swift */ = {isa = PBXFileReference; fileEncoding = 4; lastKnownFileType = sourcecode.swift; path = UncaughtExceptionHandler.swift; sourceTree = "<group>"; };
		FB47D52F1B05A6F300910F2D /* Ssh.swift */ = {isa = PBXFileReference; fileEncoding = 4; lastKnownFileType = sourcecode.swift; path = Ssh.swift; sourceTree = "<group>"; };
		FBDB63E51B0A13BF004D2964 /* Discovery.xib */ = {isa = PBXFileReference; fileEncoding = 4; lastKnownFileType = file.xib; path = Discovery.xib; sourceTree = "<group>"; };
		FBDB63E71B0A13E8004D2964 /* DiscoveryController.swift */ = {isa = PBXFileReference; fileEncoding = 4; lastKnownFileType = sourcecode.swift; path = DiscoveryController.swift; sourceTree = "<group>"; };
		FBE093C91B0EC19800D0C1FE /* Helpers.swift */ = {isa = PBXFileReference; fileEncoding = 4; lastKnownFileType = sourcecode.swift; path = Helpers.swift; sourceTree = "<group>"; };
		FBFA4C381B1404910000D42A /* MainController.swift */ = {isa = PBXFileReference; fileEncoding = 4; lastKnownFileType = sourcecode.swift; path = MainController.swift; sourceTree = "<group>"; };
		FBFA4C3A1B140F7D0000D42A /* SettingsController.swift */ = {isa = PBXFileReference; fileEncoding = 4; lastKnownFileType = sourcecode.swift; path = SettingsController.swift; sourceTree = "<group>"; };
		FBFA4C3C1B14106C0000D42A /* Settings.xib */ = {isa = PBXFileReference; fileEncoding = 4; lastKnownFileType = file.xib; path = Settings.xib; sourceTree = "<group>"; };
/* End PBXFileReference section */

/* Begin PBXFrameworksBuildPhase section */
		FB099FB91AFA4DAE00AE22F2 /* Frameworks */ = {
			isa = PBXFrameworksBuildPhase;
			buildActionMask = 2147483647;
			files = (
				9093FDA3B0E203D63CF3D3DD /* libPods.a in Frameworks */,
			);
			runOnlyForDeploymentPostprocessing = 0;
		};
/* End PBXFrameworksBuildPhase section */

/* Begin PBXGroup section */
		571B7F5182F1BD46519C370B /* Pods */ = {
			isa = PBXGroup;
			children = (
				A57977CAEAA5FF5E7228132D /* Pods.debug.xcconfig */,
				9B07E455A56425243B7FF1F9 /* Pods.release.xcconfig */,
			);
			name = Pods;
			sourceTree = "<group>";
		};
		ACD7200B542EE69250AFED9B /* Frameworks */ = {
			isa = PBXGroup;
			children = (
				0960CE98A7D510C11A587FEC /* libPods.a */,
			);
			name = Frameworks;
			sourceTree = "<group>";
		};
		FB099FB31AFA4DAE00AE22F2 = {
			isa = PBXGroup;
			children = (
				FB099FBE1AFA4DAE00AE22F2 /* Syncloud */,
				FB099FBD1AFA4DAE00AE22F2 /* Products */,
				571B7F5182F1BD46519C370B /* Pods */,
				ACD7200B542EE69250AFED9B /* Frameworks */,
			);
			sourceTree = "<group>";
		};
		FB099FBD1AFA4DAE00AE22F2 /* Products */ = {
			isa = PBXGroup;
			children = (
				FB099FBC1AFA4DAE00AE22F2 /* Syncloud.app */,
			);
			name = Products;
			sourceTree = "<group>";
		};
		FB099FBE1AFA4DAE00AE22F2 /* Syncloud */ = {
			isa = PBXGroup;
			children = (
				FB099FEB1AFA54E700AE22F2 /* Platform */,
				FB099FC11AFA4DAE00AE22F2 /* AppDelegate.swift */,
				FBFA4C381B1404910000D42A /* MainController.swift */,
				FB099FCA1AFA4DAE00AE22F2 /* LaunchScreen.xib */,
				FB0BB5281B113FD40063080A /* Auth.xib */,
				FB0BB52A1B113FF80063080A /* AuthController.swift */,
				FB099FE11AFA543000AE22F2 /* AuthCredentials.xib */,
				FB099FE21AFA543000AE22F2 /* AuthCredentialsController.swift */,
				FB099FE31AFA543000AE22F2 /* Domains.xib */,
				FB099FE41AFA543000AE22F2 /* DomainsController.swift */,
				FBDB63E51B0A13BF004D2964 /* Discovery.xib */,
				FBDB63E71B0A13E8004D2964 /* DiscoveryController.swift */,
				FBFA4C3C1B14106C0000D42A /* Settings.xib */,
				FBFA4C3A1B140F7D0000D42A /* SettingsController.swift */,
				FBE093C91B0EC19800D0C1FE /* Helpers.swift */,
				FB0BB5261B0FD6110063080A /* Keychain.swift */,
				FB155C851B102A32005F0A05 /* Storage.swift */,
				FB1BF0551B1AB6C6000F34D4 /* UncaughtExceptionHandler.swift */,
				FB1BF0531B1AB510000F34D4 /* StaticHolder.swift */,
				FB1BF04F1B1AA436000F34D4 /* Uncaught.h */,
				FB1BF0511B1AA7D1000F34D4 /* Uncaught.m */,
				FB1BF0501B1AA7D0000F34D4 /* Syncloud-Bridging-Header.h */,
				FB099FC81AFA4DAE00AE22F2 /* Images.xcassets */,
				FB099FBF1AFA4DAE00AE22F2 /* Supporting Files */,
			);
			path = Syncloud;
			sourceTree = "<group>";
		};
		FB099FBF1AFA4DAE00AE22F2 /* Supporting Files */ = {
			isa = PBXGroup;
			children = (
				FB099FC01AFA4DAE00AE22F2 /* Info.plist */,
			);
			name = "Supporting Files";
			sourceTree = "<group>";
		};
		FB099FEB1AFA54E700AE22F2 /* Platform */ = {
			isa = PBXGroup;
			children = (
				FB099FEC1AFA54FE00AE22F2 /* Errors.swift */,
				FB099FED1AFA54FE00AE22F2 /* Models.swift */,
				FB099FEE1AFA54FE00AE22F2 /* RedirectService.swift */,
				FB099FEF1AFA54FE00AE22F2 /* Results.swift */,
				FB099FF01AFA54FE00AE22F2 /* Serializable.swift */,
				FB099FF11AFA54FE00AE22F2 /* UserService.swift */,
				FB099FF21AFA54FE00AE22F2 /* WebService.swift */,
				FB0757ED1B043AA800BE741F /* Discovery.swift */,
				FB47D52F1B05A6F300910F2D /* Ssh.swift */,
			);
			name = Platform;
			sourceTree = "<group>";
		};
/* End PBXGroup section */

/* Begin PBXNativeTarget section */
		FB099FBB1AFA4DAE00AE22F2 /* Syncloud */ = {
			isa = PBXNativeTarget;
			buildConfigurationList = FB099FDB1AFA4DAE00AE22F2 /* Build configuration list for PBXNativeTarget "Syncloud" */;
			buildPhases = (
				D307CF6D5E8692DA4A99AC8A /* Check Pods Manifest.lock */,
				FB099FB81AFA4DAE00AE22F2 /* Sources */,
				FB099FB91AFA4DAE00AE22F2 /* Frameworks */,
				FB099FBA1AFA4DAE00AE22F2 /* Resources */,
				00A8888A762B3A00433B696A /* Copy Pods Resources */,
			);
			buildRules = (
			);
			dependencies = (
			);
			name = Syncloud;
			productName = Syncloud;
			productReference = FB099FBC1AFA4DAE00AE22F2 /* Syncloud.app */;
			productType = "com.apple.product-type.application";
		};
/* End PBXNativeTarget section */

/* Begin PBXProject section */
		FB099FB41AFA4DAE00AE22F2 /* Project object */ = {
			isa = PBXProject;
			attributes = {
				LastUpgradeCheck = 0630;
				ORGANIZATIONNAME = Syncloud;
				TargetAttributes = {
					FB099FBB1AFA4DAE00AE22F2 = {
						CreatedOnToolsVersion = 6.3.1;
						DevelopmentTeam = 68ZV7WHF2Q;
					};
				};
			};
			buildConfigurationList = FB099FB71AFA4DAE00AE22F2 /* Build configuration list for PBXProject "Syncloud" */;
			compatibilityVersion = "Xcode 3.2";
			developmentRegion = English;
			hasScannedForEncodings = 0;
			knownRegions = (
				en,
				Base,
			);
			mainGroup = FB099FB31AFA4DAE00AE22F2;
			productRefGroup = FB099FBD1AFA4DAE00AE22F2 /* Products */;
			projectDirPath = "";
			projectRoot = "";
			targets = (
				FB099FBB1AFA4DAE00AE22F2 /* Syncloud */,
			);
		};
/* End PBXProject section */

/* Begin PBXResourcesBuildPhase section */
		FB099FBA1AFA4DAE00AE22F2 /* Resources */ = {
			isa = PBXResourcesBuildPhase;
			buildActionMask = 2147483647;
			files = (
				FB099FE61AFA543000AE22F2 /* AuthCredentials.xib in Resources */,
				FB0BB5291B113FD40063080A /* Auth.xib in Resources */,
				FB099FCC1AFA4DAE00AE22F2 /* LaunchScreen.xib in Resources */,
				FB099FC91AFA4DAE00AE22F2 /* Images.xcassets in Resources */,
				FBFA4C3D1B14106C0000D42A /* Settings.xib in Resources */,
				FBDB63E61B0A13BF004D2964 /* Discovery.xib in Resources */,
				FB099FE81AFA543000AE22F2 /* Domains.xib in Resources */,
			);
			runOnlyForDeploymentPostprocessing = 0;
		};
/* End PBXResourcesBuildPhase section */

/* Begin PBXShellScriptBuildPhase section */
		00A8888A762B3A00433B696A /* Copy Pods Resources */ = {
			isa = PBXShellScriptBuildPhase;
			buildActionMask = 2147483647;
			files = (
			);
			inputPaths = (
			);
			name = "Copy Pods Resources";
			outputPaths = (
			);
			runOnlyForDeploymentPostprocessing = 0;
			shellPath = /bin/sh;
			shellScript = "\"${SRCROOT}/Pods/Target Support Files/Pods/Pods-resources.sh\"\n";
			showEnvVarsInLog = 0;
		};
		D307CF6D5E8692DA4A99AC8A /* Check Pods Manifest.lock */ = {
			isa = PBXShellScriptBuildPhase;
			buildActionMask = 2147483647;
			files = (
			);
			inputPaths = (
			);
			name = "Check Pods Manifest.lock";
			outputPaths = (
			);
			runOnlyForDeploymentPostprocessing = 0;
			shellPath = /bin/sh;
			shellScript = "diff \"${PODS_ROOT}/../Podfile.lock\" \"${PODS_ROOT}/Manifest.lock\" > /dev/null\nif [[ $? != 0 ]] ; then\n    cat << EOM\nerror: The sandbox is not in sync with the Podfile.lock. Run 'pod install' or update your CocoaPods installation.\nEOM\n    exit 1\nfi\n";
			showEnvVarsInLog = 0;
		};
/* End PBXShellScriptBuildPhase section */

/* Begin PBXSourcesBuildPhase section */
		FB099FB81AFA4DAE00AE22F2 /* Sources */ = {
			isa = PBXSourcesBuildPhase;
			buildActionMask = 2147483647;
			files = (
				FB1BF0521B1AA7D1000F34D4 /* Uncaught.m in Sources */,
				FB099FF31AFA54FE00AE22F2 /* Errors.swift in Sources */,
				FB1BF0541B1AB510000F34D4 /* StaticHolder.swift in Sources */,
				FBE093CA1B0EC19800D0C1FE /* Helpers.swift in Sources */,
				FB099FE71AFA543000AE22F2 /* AuthCredentialsController.swift in Sources */,
				FB47D5301B05A6F300910F2D /* Ssh.swift in Sources */,
				FBFA4C391B1404910000D42A /* MainController.swift in Sources */,
				FB099FF81AFA54FE00AE22F2 /* UserService.swift in Sources */,
				FB0BB5271B0FD6110063080A /* Keychain.swift in Sources */,
				FB099FC21AFA4DAE00AE22F2 /* AppDelegate.swift in Sources */,
				FB099FF61AFA54FE00AE22F2 /* Results.swift in Sources */,
				FB099FF71AFA54FE00AE22F2 /* Serializable.swift in Sources */,
				FBDB63E81B0A13E8004D2964 /* DiscoveryController.swift in Sources */,
				FB1BF0561B1AB6C6000F34D4 /* UncaughtExceptionHandler.swift in Sources */,
				FB099FF51AFA54FE00AE22F2 /* RedirectService.swift in Sources */,
				FB099FE91AFA543000AE22F2 /* DomainsController.swift in Sources */,
				FB099FF91AFA54FE00AE22F2 /* WebService.swift in Sources */,
				FB0BB52B1B113FF80063080A /* AuthController.swift in Sources */,
				FBFA4C3B1B140F7D0000D42A /* SettingsController.swift in Sources */,
				FB099FF41AFA54FE00AE22F2 /* Models.swift in Sources */,
				FB155C861B102A32005F0A05 /* Storage.swift in Sources */,
				FB0757EE1B043AA800BE741F /* Discovery.swift in Sources */,
			);
			runOnlyForDeploymentPostprocessing = 0;
		};
/* End PBXSourcesBuildPhase section */

/* Begin PBXVariantGroup section */
		FB099FCA1AFA4DAE00AE22F2 /* LaunchScreen.xib */ = {
			isa = PBXVariantGroup;
			children = (
				FB099FCB1AFA4DAE00AE22F2 /* Base */,
			);
			name = LaunchScreen.xib;
			sourceTree = "<group>";
		};
/* End PBXVariantGroup section */

/* Begin XCBuildConfiguration section */
		FB099FD91AFA4DAE00AE22F2 /* Debug */ = {
			isa = XCBuildConfiguration;
			buildSettings = {
				ALWAYS_SEARCH_USER_PATHS = NO;
				ARCHS = (
					armv6,
					armv7,
					arm64,
				);
				CLANG_CXX_LANGUAGE_STANDARD = "gnu++0x";
				CLANG_CXX_LIBRARY = "libc++";
				CLANG_ENABLE_MODULES = YES;
				CLANG_ENABLE_OBJC_ARC = YES;
				CLANG_WARN_BOOL_CONVERSION = YES;
				CLANG_WARN_CONSTANT_CONVERSION = YES;
				CLANG_WARN_DIRECT_OBJC_ISA_USAGE = YES_ERROR;
				CLANG_WARN_EMPTY_BODY = YES;
				CLANG_WARN_ENUM_CONVERSION = YES;
				CLANG_WARN_INT_CONVERSION = YES;
				CLANG_WARN_OBJC_ROOT_CLASS = YES_ERROR;
				CLANG_WARN_UNREACHABLE_CODE = YES;
				CLANG_WARN__DUPLICATE_METHOD_MATCH = YES;
				"CODE_SIGN_IDENTITY[sdk=iphoneos*]" = "iPhone Developer";
				COPY_PHASE_STRIP = NO;
				DEBUG_INFORMATION_FORMAT = "dwarf-with-dsym";
				ENABLE_STRICT_OBJC_MSGSEND = YES;
				GCC_C_LANGUAGE_STANDARD = gnu99;
				GCC_DYNAMIC_NO_PIC = NO;
				GCC_NO_COMMON_BLOCKS = YES;
				GCC_OPTIMIZATION_LEVEL = 0;
				GCC_PREPROCESSOR_DEFINITIONS = (
					"DEBUG=1",
					"$(inherited)",
				);
				GCC_SYMBOLS_PRIVATE_EXTERN = NO;
				GCC_WARN_64_TO_32_BIT_CONVERSION = YES;
				GCC_WARN_ABOUT_RETURN_TYPE = YES_ERROR;
				GCC_WARN_UNDECLARED_SELECTOR = YES;
				GCC_WARN_UNINITIALIZED_AUTOS = YES_AGGRESSIVE;
				GCC_WARN_UNUSED_FUNCTION = YES;
				GCC_WARN_UNUSED_VARIABLE = YES;
				IPHONEOS_DEPLOYMENT_TARGET = 7.0;
				MTL_ENABLE_DEBUG_INFO = YES;
				ONLY_ACTIVE_ARCH = YES;
				SDKROOT = iphoneos;
				SWIFT_OBJC_BRIDGING_HEADER = "Syncloud/Syncloud-Bridging.h";
				SWIFT_OPTIMIZATION_LEVEL = "-Onone";
				TARGETED_DEVICE_FAMILY = "1,2";
				VALID_ARCHS = "arm64 armv7 armv7s armv6";
			};
			name = Debug;
		};
		FB099FDA1AFA4DAE00AE22F2 /* Release */ = {
			isa = XCBuildConfiguration;
			buildSettings = {
				ALWAYS_SEARCH_USER_PATHS = NO;
				ARCHS = (
					armv6,
					armv7,
					arm64,
				);
				CLANG_CXX_LANGUAGE_STANDARD = "gnu++0x";
				CLANG_CXX_LIBRARY = "libc++";
				CLANG_ENABLE_MODULES = YES;
				CLANG_ENABLE_OBJC_ARC = YES;
				CLANG_WARN_BOOL_CONVERSION = YES;
				CLANG_WARN_CONSTANT_CONVERSION = YES;
				CLANG_WARN_DIRECT_OBJC_ISA_USAGE = YES_ERROR;
				CLANG_WARN_EMPTY_BODY = YES;
				CLANG_WARN_ENUM_CONVERSION = YES;
				CLANG_WARN_INT_CONVERSION = YES;
				CLANG_WARN_OBJC_ROOT_CLASS = YES_ERROR;
				CLANG_WARN_UNREACHABLE_CODE = YES;
				CLANG_WARN__DUPLICATE_METHOD_MATCH = YES;
				"CODE_SIGN_IDENTITY[sdk=iphoneos*]" = "iPhone Developer";
				COPY_PHASE_STRIP = NO;
				DEBUG_INFORMATION_FORMAT = "dwarf-with-dsym";
				ENABLE_NS_ASSERTIONS = NO;
				ENABLE_STRICT_OBJC_MSGSEND = YES;
				GCC_C_LANGUAGE_STANDARD = gnu99;
				GCC_NO_COMMON_BLOCKS = YES;
				GCC_WARN_64_TO_32_BIT_CONVERSION = YES;
				GCC_WARN_ABOUT_RETURN_TYPE = YES_ERROR;
				GCC_WARN_UNDECLARED_SELECTOR = YES;
				GCC_WARN_UNINITIALIZED_AUTOS = YES_AGGRESSIVE;
				GCC_WARN_UNUSED_FUNCTION = YES;
				GCC_WARN_UNUSED_VARIABLE = YES;
				IPHONEOS_DEPLOYMENT_TARGET = 7.0;
				MTL_ENABLE_DEBUG_INFO = NO;
				SDKROOT = iphoneos;
				SWIFT_OBJC_BRIDGING_HEADER = "Syncloud/Syncloud-Bridging.h";
				TARGETED_DEVICE_FAMILY = "1,2";
				VALIDATE_PRODUCT = YES;
				VALID_ARCHS = "arm64 armv7 armv7s armv6";
			};
			name = Release;
		};
		FB099FDC1AFA4DAE00AE22F2 /* Debug */ = {
			isa = XCBuildConfiguration;
			baseConfigurationReference = A57977CAEAA5FF5E7228132D /* Pods.debug.xcconfig */;
			buildSettings = {
				ASSETCATALOG_COMPILER_APPICON_NAME = AppIcon;
				CLANG_ENABLE_MODULES = YES;
				CODE_SIGN_IDENTITY = "iPhone Developer";
				"CODE_SIGN_IDENTITY[sdk=iphoneos*]" = "iPhone Developer";
				INFOPLIST_FILE = Syncloud/Info.plist;
				LD_RUNPATH_SEARCH_PATHS = "$(inherited) @executable_path/Frameworks";
				PRODUCT_NAME = "$(TARGET_NAME)";
				PROVISIONING_PROFILE = "";
				SWIFT_OBJC_BRIDGING_HEADER = "Syncloud/Syncloud-Bridging-Header.h";
				SWIFT_OPTIMIZATION_LEVEL = "-Onone";
			};
			name = Debug;
		};
		FB099FDD1AFA4DAE00AE22F2 /* Release */ = {
			isa = XCBuildConfiguration;
			baseConfigurationReference = 9B07E455A56425243B7FF1F9 /* Pods.release.xcconfig */;
			buildSettings = {
				ASSETCATALOG_COMPILER_APPICON_NAME = AppIcon;
				CLANG_ENABLE_MODULES = YES;
				CODE_SIGN_IDENTITY = "iPhone Developer";
				"CODE_SIGN_IDENTITY[sdk=iphoneos*]" = "iPhone Developer";
				INFOPLIST_FILE = Syncloud/Info.plist;
				LD_RUNPATH_SEARCH_PATHS = "$(inherited) @executable_path/Frameworks";
				PRODUCT_NAME = "$(TARGET_NAME)";
				PROVISIONING_PROFILE = "";
				SWIFT_OBJC_BRIDGING_HEADER = "Syncloud/Syncloud-Bridging-Header.h";
			};
			name = Release;
		};
/* End XCBuildConfiguration section */

/* Begin XCConfigurationList section */
		FB099FB71AFA4DAE00AE22F2 /* Build configuration list for PBXProject "Syncloud" */ = {
			isa = XCConfigurationList;
			buildConfigurations = (
				FB099FD91AFA4DAE00AE22F2 /* Debug */,
				FB099FDA1AFA4DAE00AE22F2 /* Release */,
			);
			defaultConfigurationIsVisible = 0;
			defaultConfigurationName = Release;
		};
		FB099FDB1AFA4DAE00AE22F2 /* Build configuration list for PBXNativeTarget "Syncloud" */ = {
			isa = XCConfigurationList;
			buildConfigurations = (
				FB099FDC1AFA4DAE00AE22F2 /* Debug */,
				FB099FDD1AFA4DAE00AE22F2 /* Release */,
			);
			defaultConfigurationIsVisible = 0;
			defaultConfigurationName = Release;
		};
/* End XCConfigurationList section */
	};
	rootObject = FB099FB41AFA4DAE00AE22F2 /* Project object */;
}
